
Microsoft Visual Studio Solution File, Format Version 12.00
# Visual Studio 15
Project("{FAE04EC0-301F-11D3-BF4B-00C04F79EFBC}") = "CubeTool", "CubeTool\CubeTool.csproj", "{48017B66-7DE7-401E-85CF-7268F416E663}"
EndProject
Project("{FAE04EC0-301F-11D3-BF4B-00C04F79EFBC}") = "MTGCubeTool.Domain", "MTGCubeTool.Domain\MTGCubeTool.Domain.csproj", "{458FE6B9-A9E2-4EEA-9DE0-B03D5895CC53}"
EndProject
Project("{FAE04EC0-301F-11D3-BF4B-00C04F79EFBC}") = "MTGCubeTool.Application", "MTGCubeTool.Application\MTGCubeTool.Application.csproj", "{917328DB-6966-444E-AB43-9B0D84BD7992}"
EndProject
Project("{FAE04EC0-301F-11D3-BF4B-00C04F79EFBC}") = "MTGCubeTool.Infrastructure", "MTGCubeTool.Infrastructure\MTGCubeTool.Infrastructure.csproj", "{9B7415DC-1BBC-4B26-848D-847E6413F84C}"
EndProject
Global
	GlobalSection(SolutionConfigurationPlatforms) = preSolution
		Debug|Any CPU = Debug|Any CPU
		Release|Any CPU = Release|Any CPU
	EndGlobalSection
	GlobalSection(ProjectConfigurationPlatforms) = postSolution
		{48017B66-7DE7-401E-85CF-7268F416E663}.Debug|Any CPU.ActiveCfg = Debug|Any CPU
		{48017B66-7DE7-401E-85CF-7268F416E663}.Debug|Any CPU.Build.0 = Debug|Any CPU
		{48017B66-7DE7-401E-85CF-7268F416E663}.Release|Any CPU.ActiveCfg = Release|Any CPU
		{48017B66-7DE7-401E-85CF-7268F416E663}.Release|Any CPU.Build.0 = Release|Any CPU
		{458FE6B9-A9E2-4EEA-9DE0-B03D5895CC53}.Debug|Any CPU.ActiveCfg = Debug|Any CPU
		{458FE6B9-A9E2-4EEA-9DE0-B03D5895CC53}.Debug|Any CPU.Build.0 = Debug|Any CPU
		{458FE6B9-A9E2-4EEA-9DE0-B03D5895CC53}.Release|Any CPU.ActiveCfg = Release|Any CPU
		{458FE6B9-A9E2-4EEA-9DE0-B03D5895CC53}.Release|Any CPU.Build.0 = Release|Any CPU
		{917328DB-6966-444E-AB43-9B0D84BD7992}.Debug|Any CPU.ActiveCfg = Debug|Any CPU
		{917328DB-6966-444E-AB43-9B0D84BD7992}.Debug|Any CPU.Build.0 = Debug|Any CPU
		{917328DB-6966-444E-AB43-9B0D84BD7992}.Release|Any CPU.ActiveCfg = Release|Any CPU
		{917328DB-6966-444E-AB43-9B0D84BD7992}.Release|Any CPU.Build.0 = Release|Any CPU
		{9B7415DC-1BBC-4B26-848D-847E6413F84C}.Debug|Any CPU.ActiveCfg = Debug|Any CPU
		{9B7415DC-1BBC-4B26-848D-847E6413F84C}.Debug|Any CPU.Build.0 = Debug|Any CPU
		{9B7415DC-1BBC-4B26-848D-847E6413F84C}.Release|Any CPU.ActiveCfg = Release|Any CPU
		{9B7415DC-1BBC-4B26-848D-847E6413F84C}.Release|Any CPU.Build.0 = Release|Any CPU
	EndGlobalSection
EndGlobal
